
Microsoft Visual Studio Solution File, Format Version 12.00
# Visual Studio Version 17
VisualStudioVersion = 17.8.34322.80
MinimumVisualStudioVersion = 10.0.40219.1
Project("{9A19103F-16F7-4668-BE54-9A1E7A4F7556}") = "BrechoRamiresControle", "BrechoRamiresControle\BrechoRamiresControle.csproj", "{7A281F53-39CC-4DB1-A9C3-F631BD8A5F01}"
EndProject
Global
	GlobalSection(SolutionConfigurationPlatforms) = preSolution
		Debug|Any CPU = Debug|Any CPU
		Release|Any CPU = Release|Any CPU
	EndGlobalSection
	GlobalSection(ProjectConfigurationPlatforms) = postSolution
		{7A281F53-39CC-4DB1-A9C3-F631BD8A5F01}.Debug|Any CPU.ActiveCfg = Debug|Any CPU
		{7A281F53-39CC-4DB1-A9C3-F631BD8A5F01}.Debug|Any CPU.Build.0 = Debug|Any CPU
		{7A281F53-39CC-4DB1-A9C3-F631BD8A5F01}.Release|Any CPU.ActiveCfg = Release|Any CPU
		{7A281F53-39CC-4DB1-A9C3-F631BD8A5F01}.Release|Any CPU.Build.0 = Release|Any CPU
	EndGlobalSection
	GlobalSection(SolutionProperties) = preSolution
		HideSolutionNode = FALSE
	EndGlobalSection
	GlobalSection(ExtensibilityGlobals) = postSolution
		SolutionGuid = {08F7D654-2EB6-4E88-BF47-D0F41AFB7619}
	EndGlobalSection
EndGlobal
